
Microsoft Visual Studio Solution File, Format Version 12.00
# Visual Studio 15
VisualStudioVersion = 15.0.26124.0
MinimumVisualStudioVersion = 15.0.26124.0
Project("{2150E333-8FDC-42A3-9474-1A3956D46DE8}") = "src", "src", "{429EEE00-AB74-11EB-9B8F-3F35E74019DC}"
EndProject
Project("{2150E333-8FDC-42A3-9474-1A3956D46DE8}") = "samples", "samples", "{468A31F0-AB74-11EB-9B8F-3F35E74019DC}"
EndProject
Project("{2150E333-8FDC-42A3-9474-1A3956D46DE8}") = "tests", "tests", "{4AA93010-AB74-11EB-9B8F-3F35E74019DC}"
EndProject
Project("{2150E333-8FDC-42A3-9474-1A3956D46DE8}") = "benchmarks", "benchmarks", "{4F5F3E10-AB74-11EB-9B8F-3F35E74019DC}"
EndProject
Project("{FAE04EC0-301F-11D3-BF4B-00C04F79EFBC}") = "RoutingRecords", "src\RoutingRecords\RoutingRecords.csproj", "{FF607DE7-B7A2-4B01-B650-D2D5209489B4}"
EndProject
Project("{FAE04EC0-301F-11D3-BF4B-00C04F79EFBC}") = "Benchmarks", "benchmarks\Benchmarks\Benchmarks.csproj", "{E50325A4-ADEA-4F0B-A81C-478FF3C2A43B}"
EndProject
Project("{FAE04EC0-301F-11D3-BF4B-00C04F79EFBC}") = "MvcApp", "benchmarks\MvcApp\MvcApp.csproj", "{4843E15E-AB65-44DA-96BC-4588E6EC656E}"
EndProject
Project("{FAE04EC0-301F-11D3-BF4B-00C04F79EFBC}") = "RoutingRecordsApp", "benchmarks\RoutingRecordsApp\RoutingRecordsApp.csproj", "{9005BAA3-CCEC-452A-8C8E-C13283A3EDAA}"
EndProject
Project("{FAE04EC0-301F-11D3-BF4B-00C04F79EFBC}") = "FirstApproach", "samples\FirstApproach\FirstApproach.csproj", "{FCF084BC-DBBF-4C21-8F81-BF1BA1D22F95}"
EndProject
Project("{FAE04EC0-301F-11D3-BF4B-00C04F79EFBC}") = "SampleApp", "samples\SampleApp\SampleApp.csproj", "{F007D005-3A60-44DC-9BDC-351418C9183C}"
EndProject
Project("{FAE04EC0-301F-11D3-BF4B-00C04F79EFBC}") = "RoutingRecords.IntegrationTests", "tests\RoutingRecords.IntegrationTests\RoutingRecords.IntegrationTests.csproj", "{DF29C4B6-5A3B-4555-A36C-8F5357305266}"
EndProject
Project("{FAE04EC0-301F-11D3-BF4B-00C04F79EFBC}") = "RoutingRecords.UnitTests", "tests\RoutingRecords.UnitTests\RoutingRecords.UnitTests.csproj", "{6688E2FA-A23A-43A3-896C-768D360B49E5}"
EndProject
Project("{FAE04EC0-301F-11D3-BF4B-00C04F79EFBC}") = "AuthorizedApp", "samples\AuthorizedApp\AuthorizedApp.csproj", "{24ACA220-28EE-4013-87C2-7EE82E0907E9}"
EndProject
Global
	GlobalSection(SolutionConfigurationPlatforms) = preSolution
		Debug|Any CPU = Debug|Any CPU
		Debug|x64 = Debug|x64
		Debug|x86 = Debug|x86
		Release|Any CPU = Release|Any CPU
		Release|x64 = Release|x64
		Release|x86 = Release|x86
	EndGlobalSection
	GlobalSection(SolutionProperties) = preSolution
		HideSolutionNode = FALSE
	EndGlobalSection
	GlobalSection(ProjectConfigurationPlatforms) = postSolution
		{FF607DE7-B7A2-4B01-B650-D2D5209489B4}.Debug|Any CPU.ActiveCfg = Debug|Any CPU
		{FF607DE7-B7A2-4B01-B650-D2D5209489B4}.Debug|Any CPU.Build.0 = Debug|Any CPU
		{FF607DE7-B7A2-4B01-B650-D2D5209489B4}.Debug|x64.ActiveCfg = Debug|Any CPU
		{FF607DE7-B7A2-4B01-B650-D2D5209489B4}.Debug|x64.Build.0 = Debug|Any CPU
		{FF607DE7-B7A2-4B01-B650-D2D5209489B4}.Debug|x86.ActiveCfg = Debug|Any CPU
		{FF607DE7-B7A2-4B01-B650-D2D5209489B4}.Debug|x86.Build.0 = Debug|Any CPU
		{FF607DE7-B7A2-4B01-B650-D2D5209489B4}.Release|Any CPU.ActiveCfg = Release|Any CPU
		{FF607DE7-B7A2-4B01-B650-D2D5209489B4}.Release|Any CPU.Build.0 = Release|Any CPU
		{FF607DE7-B7A2-4B01-B650-D2D5209489B4}.Release|x64.ActiveCfg = Release|Any CPU
		{FF607DE7-B7A2-4B01-B650-D2D5209489B4}.Release|x64.Build.0 = Release|Any CPU
		{FF607DE7-B7A2-4B01-B650-D2D5209489B4}.Release|x86.ActiveCfg = Release|Any CPU
		{FF607DE7-B7A2-4B01-B650-D2D5209489B4}.Release|x86.Build.0 = Release|Any CPU
		{E50325A4-ADEA-4F0B-A81C-478FF3C2A43B}.Debug|Any CPU.ActiveCfg = Debug|Any CPU
		{E50325A4-ADEA-4F0B-A81C-478FF3C2A43B}.Debug|Any CPU.Build.0 = Debug|Any CPU
		{E50325A4-ADEA-4F0B-A81C-478FF3C2A43B}.Debug|x64.ActiveCfg = Debug|Any CPU
		{E50325A4-ADEA-4F0B-A81C-478FF3C2A43B}.Debug|x64.Build.0 = Debug|Any CPU
		{E50325A4-ADEA-4F0B-A81C-478FF3C2A43B}.Debug|x86.ActiveCfg = Debug|Any CPU
		{E50325A4-ADEA-4F0B-A81C-478FF3C2A43B}.Debug|x86.Build.0 = Debug|Any CPU
		{E50325A4-ADEA-4F0B-A81C-478FF3C2A43B}.Release|Any CPU.ActiveCfg = Release|Any CPU
		{E50325A4-ADEA-4F0B-A81C-478FF3C2A43B}.Release|Any CPU.Build.0 = Release|Any CPU
		{E50325A4-ADEA-4F0B-A81C-478FF3C2A43B}.Release|x64.ActiveCfg = Release|Any CPU
		{E50325A4-ADEA-4F0B-A81C-478FF3C2A43B}.Release|x64.Build.0 = Release|Any CPU
		{E50325A4-ADEA-4F0B-A81C-478FF3C2A43B}.Release|x86.ActiveCfg = Release|Any CPU
		{E50325A4-ADEA-4F0B-A81C-478FF3C2A43B}.Release|x86.Build.0 = Release|Any CPU
		{4843E15E-AB65-44DA-96BC-4588E6EC656E}.Debug|Any CPU.ActiveCfg = Debug|Any CPU
		{4843E15E-AB65-44DA-96BC-4588E6EC656E}.Debug|Any CPU.Build.0 = Debug|Any CPU
		{4843E15E-AB65-44DA-96BC-4588E6EC656E}.Debug|x64.ActiveCfg = Debug|Any CPU
		{4843E15E-AB65-44DA-96BC-4588E6EC656E}.Debug|x64.Build.0 = Debug|Any CPU
		{4843E15E-AB65-44DA-96BC-4588E6EC656E}.Debug|x86.ActiveCfg = Debug|Any CPU
		{4843E15E-AB65-44DA-96BC-4588E6EC656E}.Debug|x86.Build.0 = Debug|Any CPU
		{4843E15E-AB65-44DA-96BC-4588E6EC656E}.Release|Any CPU.ActiveCfg = Release|Any CPU
		{4843E15E-AB65-44DA-96BC-4588E6EC656E}.Release|Any CPU.Build.0 = Release|Any CPU
		{4843E15E-AB65-44DA-96BC-4588E6EC656E}.Release|x64.ActiveCfg = Release|Any CPU
		{4843E15E-AB65-44DA-96BC-4588E6EC656E}.Release|x64.Build.0 = Release|Any CPU
		{4843E15E-AB65-44DA-96BC-4588E6EC656E}.Release|x86.ActiveCfg = Release|Any CPU
		{4843E15E-AB65-44DA-96BC-4588E6EC656E}.Release|x86.Build.0 = Release|Any CPU
		{9005BAA3-CCEC-452A-8C8E-C13283A3EDAA}.Debug|Any CPU.ActiveCfg = Debug|Any CPU
		{9005BAA3-CCEC-452A-8C8E-C13283A3EDAA}.Debug|Any CPU.Build.0 = Debug|Any CPU
		{9005BAA3-CCEC-452A-8C8E-C13283A3EDAA}.Debug|x64.ActiveCfg = Debug|Any CPU
		{9005BAA3-CCEC-452A-8C8E-C13283A3EDAA}.Debug|x64.Build.0 = Debug|Any CPU
		{9005BAA3-CCEC-452A-8C8E-C13283A3EDAA}.Debug|x86.ActiveCfg = Debug|Any CPU
		{9005BAA3-CCEC-452A-8C8E-C13283A3EDAA}.Debug|x86.Build.0 = Debug|Any CPU
		{9005BAA3-CCEC-452A-8C8E-C13283A3EDAA}.Release|Any CPU.ActiveCfg = Release|Any CPU
		{9005BAA3-CCEC-452A-8C8E-C13283A3EDAA}.Release|Any CPU.Build.0 = Release|Any CPU
		{9005BAA3-CCEC-452A-8C8E-C13283A3EDAA}.Release|x64.ActiveCfg = Release|Any CPU
		{9005BAA3-CCEC-452A-8C8E-C13283A3EDAA}.Release|x64.Build.0 = Release|Any CPU
		{9005BAA3-CCEC-452A-8C8E-C13283A3EDAA}.Release|x86.ActiveCfg = Release|Any CPU
		{9005BAA3-CCEC-452A-8C8E-C13283A3EDAA}.Release|x86.Build.0 = Release|Any CPU
		{FCF084BC-DBBF-4C21-8F81-BF1BA1D22F95}.Debug|Any CPU.ActiveCfg = Debug|Any CPU
		{FCF084BC-DBBF-4C21-8F81-BF1BA1D22F95}.Debug|Any CPU.Build.0 = Debug|Any CPU
		{FCF084BC-DBBF-4C21-8F81-BF1BA1D22F95}.Debug|x64.ActiveCfg = Debug|Any CPU
		{FCF084BC-DBBF-4C21-8F81-BF1BA1D22F95}.Debug|x64.Build.0 = Debug|Any CPU
		{FCF084BC-DBBF-4C21-8F81-BF1BA1D22F95}.Debug|x86.ActiveCfg = Debug|Any CPU
		{FCF084BC-DBBF-4C21-8F81-BF1BA1D22F95}.Debug|x86.Build.0 = Debug|Any CPU
		{FCF084BC-DBBF-4C21-8F81-BF1BA1D22F95}.Release|Any CPU.ActiveCfg = Release|Any CPU
		{FCF084BC-DBBF-4C21-8F81-BF1BA1D22F95}.Release|Any CPU.Build.0 = Release|Any CPU
		{FCF084BC-DBBF-4C21-8F81-BF1BA1D22F95}.Release|x64.ActiveCfg = Release|Any CPU
		{FCF084BC-DBBF-4C21-8F81-BF1BA1D22F95}.Release|x64.Build.0 = Release|Any CPU
		{FCF084BC-DBBF-4C21-8F81-BF1BA1D22F95}.Release|x86.ActiveCfg = Release|Any CPU
		{FCF084BC-DBBF-4C21-8F81-BF1BA1D22F95}.Release|x86.Build.0 = Release|Any CPU
		{F007D005-3A60-44DC-9BDC-351418C9183C}.Debug|Any CPU.ActiveCfg = Debug|Any CPU
		{F007D005-3A60-44DC-9BDC-351418C9183C}.Debug|Any CPU.Build.0 = Debug|Any CPU
		{F007D005-3A60-44DC-9BDC-351418C9183C}.Debug|x64.ActiveCfg = Debug|Any CPU
		{F007D005-3A60-44DC-9BDC-351418C9183C}.Debug|x64.Build.0 = Debug|Any CPU
		{F007D005-3A60-44DC-9BDC-351418C9183C}.Debug|x86.ActiveCfg = Debug|Any CPU
		{F007D005-3A60-44DC-9BDC-351418C9183C}.Debug|x86.Build.0 = Debug|Any CPU
		{F007D005-3A60-44DC-9BDC-351418C9183C}.Release|Any CPU.ActiveCfg = Release|Any CPU
		{F007D005-3A60-44DC-9BDC-351418C9183C}.Release|Any CPU.Build.0 = Release|Any CPU
		{F007D005-3A60-44DC-9BDC-351418C9183C}.Release|x64.ActiveCfg = Release|Any CPU
		{F007D005-3A60-44DC-9BDC-351418C9183C}.Release|x64.Build.0 = Release|Any CPU
		{F007D005-3A60-44DC-9BDC-351418C9183C}.Release|x86.ActiveCfg = Release|Any CPU
		{F007D005-3A60-44DC-9BDC-351418C9183C}.Release|x86.Build.0 = Release|Any CPU
		{DF29C4B6-5A3B-4555-A36C-8F5357305266}.Debug|Any CPU.ActiveCfg = Debug|Any CPU
		{DF29C4B6-5A3B-4555-A36C-8F5357305266}.Debug|Any CPU.Build.0 = Debug|Any CPU
		{DF29C4B6-5A3B-4555-A36C-8F5357305266}.Debug|x64.ActiveCfg = Debug|Any CPU
		{DF29C4B6-5A3B-4555-A36C-8F5357305266}.Debug|x64.Build.0 = Debug|Any CPU
		{DF29C4B6-5A3B-4555-A36C-8F5357305266}.Debug|x86.ActiveCfg = Debug|Any CPU
		{DF29C4B6-5A3B-4555-A36C-8F5357305266}.Debug|x86.Build.0 = Debug|Any CPU
		{DF29C4B6-5A3B-4555-A36C-8F5357305266}.Release|Any CPU.ActiveCfg = Release|Any CPU
		{DF29C4B6-5A3B-4555-A36C-8F5357305266}.Release|Any CPU.Build.0 = Release|Any CPU
		{DF29C4B6-5A3B-4555-A36C-8F5357305266}.Release|x64.ActiveCfg = Release|Any CPU
		{DF29C4B6-5A3B-4555-A36C-8F5357305266}.Release|x64.Build.0 = Release|Any CPU
		{DF29C4B6-5A3B-4555-A36C-8F5357305266}.Release|x86.ActiveCfg = Release|Any CPU
		{DF29C4B6-5A3B-4555-A36C-8F5357305266}.Release|x86.Build.0 = Release|Any CPU
		{6688E2FA-A23A-43A3-896C-768D360B49E5}.Debug|Any CPU.ActiveCfg = Debug|Any CPU
		{6688E2FA-A23A-43A3-896C-768D360B49E5}.Debug|Any CPU.Build.0 = Debug|Any CPU
		{6688E2FA-A23A-43A3-896C-768D360B49E5}.Debug|x64.ActiveCfg = Debug|Any CPU
		{6688E2FA-A23A-43A3-896C-768D360B49E5}.Debug|x64.Build.0 = Debug|Any CPU
		{6688E2FA-A23A-43A3-896C-768D360B49E5}.Debug|x86.ActiveCfg = Debug|Any CPU
		{6688E2FA-A23A-43A3-896C-768D360B49E5}.Debug|x86.Build.0 = Debug|Any CPU
		{6688E2FA-A23A-43A3-896C-768D360B49E5}.Release|Any CPU.ActiveCfg = Release|Any CPU
		{6688E2FA-A23A-43A3-896C-768D360B49E5}.Release|Any CPU.Build.0 = Release|Any CPU
		{6688E2FA-A23A-43A3-896C-768D360B49E5}.Release|x64.ActiveCfg = Release|Any CPU
		{6688E2FA-A23A-43A3-896C-768D360B49E5}.Release|x64.Build.0 = Release|Any CPU
		{6688E2FA-A23A-43A3-896C-768D360B49E5}.Release|x86.ActiveCfg = Release|Any CPU
		{6688E2FA-A23A-43A3-896C-768D360B49E5}.Release|x86.Build.0 = Release|Any CPU
		{24ACA220-28EE-4013-87C2-7EE82E0907E9}.Debug|Any CPU.ActiveCfg = Debug|Any CPU
		{24ACA220-28EE-4013-87C2-7EE82E0907E9}.Debug|Any CPU.Build.0 = Debug|Any CPU
		{24ACA220-28EE-4013-87C2-7EE82E0907E9}.Debug|x64.ActiveCfg = Debug|Any CPU
		{24ACA220-28EE-4013-87C2-7EE82E0907E9}.Debug|x64.Build.0 = Debug|Any CPU
		{24ACA220-28EE-4013-87C2-7EE82E0907E9}.Debug|x86.ActiveCfg = Debug|Any CPU
		{24ACA220-28EE-4013-87C2-7EE82E0907E9}.Debug|x86.Build.0 = Debug|Any CPU
		{24ACA220-28EE-4013-87C2-7EE82E0907E9}.Release|Any CPU.ActiveCfg = Release|Any CPU
		{24ACA220-28EE-4013-87C2-7EE82E0907E9}.Release|Any CPU.Build.0 = Release|Any CPU
		{24ACA220-28EE-4013-87C2-7EE82E0907E9}.Release|x64.ActiveCfg = Release|Any CPU
		{24ACA220-28EE-4013-87C2-7EE82E0907E9}.Release|x64.Build.0 = Release|Any CPU
		{24ACA220-28EE-4013-87C2-7EE82E0907E9}.Release|x86.ActiveCfg = Release|Any CPU
		{24ACA220-28EE-4013-87C2-7EE82E0907E9}.Release|x86.Build.0 = Release|Any CPU
	EndGlobalSection
	GlobalSection(NestedProjects) = preSolution
		{FF607DE7-B7A2-4B01-B650-D2D5209489B4} = {429EEE00-AB74-11EB-9B8F-3F35E74019DC}
		{E50325A4-ADEA-4F0B-A81C-478FF3C2A43B} = {4F5F3E10-AB74-11EB-9B8F-3F35E74019DC}
		{4843E15E-AB65-44DA-96BC-4588E6EC656E} = {4F5F3E10-AB74-11EB-9B8F-3F35E74019DC}
		{9005BAA3-CCEC-452A-8C8E-C13283A3EDAA} = {4F5F3E10-AB74-11EB-9B8F-3F35E74019DC}
		{FCF084BC-DBBF-4C21-8F81-BF1BA1D22F95} = {468A31F0-AB74-11EB-9B8F-3F35E74019DC}
		{F007D005-3A60-44DC-9BDC-351418C9183C} = {468A31F0-AB74-11EB-9B8F-3F35E74019DC}
		{DF29C4B6-5A3B-4555-A36C-8F5357305266} = {4AA93010-AB74-11EB-9B8F-3F35E74019DC}
		{6688E2FA-A23A-43A3-896C-768D360B49E5} = {4AA93010-AB74-11EB-9B8F-3F35E74019DC}
		{24ACA220-28EE-4013-87C2-7EE82E0907E9} = {468A31F0-AB74-11EB-9B8F-3F35E74019DC}
	EndGlobalSection
EndGlobal
